
Microsoft Visual Studio Solution File, Format Version 12.00
# Visual Studio 14
VisualStudioVersion = 14.0.25420.1
MinimumVisualStudioVersion = 10.0.40219.1
Project("{8BC9CEB8-8B4A-11D0-8D11-00A0C91BC942}") = "libportaudio", "libportaudio\libportaudio.vcxproj", "{718F3419-764F-45BE-9DA7-7396CB6D71D5}"
EndProject
Project("{8BC9CEB8-8B4A-11D0-8D11-00A0C91BC942}") = "portaudio", "portaudio\portaudio.vcxproj", "{1F820482-BB0D-4471-A54E-91E476F0AFF0}"
EndProject
Project("{8BC9CEB8-8B4A-11D0-8D11-00A0C91BC942}") = "Andromeda", "Andromeda\Andromeda.vcxproj", "{053D5693-16E5-49B8-BFCB-2791EBC23310}"
EndProject
Project("{8BC9CEB8-8B4A-11D0-8D11-00A0C91BC942}") = "SDL2", "SDL2\SDL2.vcxproj", "{AC35D4B2-8AFD-4C45-AFF7-423BD2EF6107}"
EndProject
Project("{8BC9CEB8-8B4A-11D0-8D11-00A0C91BC942}") = "SDL2_mixer", "SDL2_mixer\SDL2_mixer.vcxproj", "{0371E81E-72ED-4AF6-8326-81AD12485B33}"
EndProject
Project("{8BC9CEB8-8B4A-11D0-8D11-00A0C91BC942}") = "glfw3", "glfw3\glfw3.vcxproj", "{69E936B6-C380-4A62-AD90-75614F83FE50}"
EndProject
Project("{8BC9CEB8-8B4A-11D0-8D11-00A0C91BC942}") = "libglfw3", "libglfw3\libglfw3.vcxproj", "{9710D0E6-CE03-447E-9DB7-00982363C58A}"
EndProject
Project("{8BC9CEB8-8B4A-11D0-8D11-00A0C91BC942}") = "libfreetypegl", "libfreetypegl\libfreetypegl.vcxproj", "{6EEEC1BB-0DFE-46F4-818C-89D7D0BFB0AF}"
EndProject
Project("{8BC9CEB8-8B4A-11D0-8D11-00A0C91BC942}") = "libfreetype", "libfreetype\libfreetype.vcxproj", "{40019CFF-D32E-4BCF-9831-17F1F15690C5}"
EndProject
Project("{8BC9CEB8-8B4A-11D0-8D11-00A0C91BC942}") = "libglew", "libglew\libglew.vcxproj", "{9DBCE6B3-8CBD-4A62-BFD1-315A8459C8B0}"
EndProject
Project("{8BC9CEB8-8B4A-11D0-8D11-00A0C91BC942}") = "glew", "glew\glew.vcxproj", "{587C2B17-CB09-4CD4-B809-84A499B9B89F}"
EndProject
Project("{8BC9CEB8-8B4A-11D0-8D11-00A0C91BC942}") = "JellyCar", "JellyCar\JellyCar.vcxproj", "{E7A03625-2532-4F5B-B2AA-01CF5C9B64C0}"
EndProject
Project("{8BC9CEB8-8B4A-11D0-8D11-00A0C91BC942}") = "libtinyxml", "libtinyxml\libtinyxml.vcxproj", "{639C83DB-AD7F-4FEA-ACA7-06C89227019B}"
EndProject
Project("{8BC9CEB8-8B4A-11D0-8D11-00A0C91BC942}") = "timidity", "timidity\timidity.vcxproj", "{3D8802C1-4B39-4048-8341-871DE451A00B}"
EndProject
Project("{8BC9CEB8-8B4A-11D0-8D11-00A0C91BC942}") = "native_midi", "native_midi\native_midi.vcxproj", "{B0D5A230-6C44-4216-90A3-78217A1CB6D3}"
EndProject
Global
	GlobalSection(SolutionConfigurationPlatforms) = preSolution
		Debug|x64 = Debug|x64
		Debug|x86 = Debug|x86
		Release|x64 = Release|x64
		Release|x86 = Release|x86
	EndGlobalSection
	GlobalSection(ProjectConfigurationPlatforms) = postSolution
		{718F3419-764F-45BE-9DA7-7396CB6D71D5}.Debug|x64.ActiveCfg = Debug|x64
		{718F3419-764F-45BE-9DA7-7396CB6D71D5}.Debug|x64.Build.0 = Debug|x64
		{718F3419-764F-45BE-9DA7-7396CB6D71D5}.Debug|x86.ActiveCfg = Debug|Win32
		{718F3419-764F-45BE-9DA7-7396CB6D71D5}.Debug|x86.Build.0 = Debug|Win32
		{718F3419-764F-45BE-9DA7-7396CB6D71D5}.Release|x64.ActiveCfg = Release|x64
		{718F3419-764F-45BE-9DA7-7396CB6D71D5}.Release|x64.Build.0 = Release|x64
		{718F3419-764F-45BE-9DA7-7396CB6D71D5}.Release|x86.ActiveCfg = Release|Win32
		{718F3419-764F-45BE-9DA7-7396CB6D71D5}.Release|x86.Build.0 = Release|Win32
		{1F820482-BB0D-4471-A54E-91E476F0AFF0}.Debug|x64.ActiveCfg = Debug|x64
		{1F820482-BB0D-4471-A54E-91E476F0AFF0}.Debug|x64.Build.0 = Debug|x64
		{1F820482-BB0D-4471-A54E-91E476F0AFF0}.Debug|x86.ActiveCfg = Debug|Win32
		{1F820482-BB0D-4471-A54E-91E476F0AFF0}.Debug|x86.Build.0 = Debug|Win32
		{1F820482-BB0D-4471-A54E-91E476F0AFF0}.Release|x64.ActiveCfg = Release|x64
		{1F820482-BB0D-4471-A54E-91E476F0AFF0}.Release|x64.Build.0 = Release|x64
		{1F820482-BB0D-4471-A54E-91E476F0AFF0}.Release|x86.ActiveCfg = Release|Win32
		{1F820482-BB0D-4471-A54E-91E476F0AFF0}.Release|x86.Build.0 = Release|Win32
		{053D5693-16E5-49B8-BFCB-2791EBC23310}.Debug|x64.ActiveCfg = Debug|x64
		{053D5693-16E5-49B8-BFCB-2791EBC23310}.Debug|x64.Build.0 = Debug|x64
		{053D5693-16E5-49B8-BFCB-2791EBC23310}.Debug|x86.ActiveCfg = Debug|Win32
		{053D5693-16E5-49B8-BFCB-2791EBC23310}.Debug|x86.Build.0 = Debug|Win32
		{053D5693-16E5-49B8-BFCB-2791EBC23310}.Release|x64.ActiveCfg = Release|x64
		{053D5693-16E5-49B8-BFCB-2791EBC23310}.Release|x64.Build.0 = Release|x64
		{053D5693-16E5-49B8-BFCB-2791EBC23310}.Release|x86.ActiveCfg = Release|Win32
		{053D5693-16E5-49B8-BFCB-2791EBC23310}.Release|x86.Build.0 = Release|Win32
		{AC35D4B2-8AFD-4C45-AFF7-423BD2EF6107}.Debug|x64.ActiveCfg = Debug|x64
		{AC35D4B2-8AFD-4C45-AFF7-423BD2EF6107}.Debug|x64.Build.0 = Debug|x64
		{AC35D4B2-8AFD-4C45-AFF7-423BD2EF6107}.Debug|x86.ActiveCfg = Debug|Win32
		{AC35D4B2-8AFD-4C45-AFF7-423BD2EF6107}.Debug|x86.Build.0 = Debug|Win32
		{AC35D4B2-8AFD-4C45-AFF7-423BD2EF6107}.Release|x64.ActiveCfg = Release|x64
		{AC35D4B2-8AFD-4C45-AFF7-423BD2EF6107}.Release|x64.Build.0 = Release|x64
		{AC35D4B2-8AFD-4C45-AFF7-423BD2EF6107}.Release|x86.ActiveCfg = Release|Win32
		{AC35D4B2-8AFD-4C45-AFF7-423BD2EF6107}.Release|x86.Build.0 = Release|Win32
		{0371E81E-72ED-4AF6-8326-81AD12485B33}.Debug|x64.ActiveCfg = Debug|x64
		{0371E81E-72ED-4AF6-8326-81AD12485B33}.Debug|x64.Build.0 = Debug|x64
		{0371E81E-72ED-4AF6-8326-81AD12485B33}.Debug|x86.ActiveCfg = Debug|Win32
		{0371E81E-72ED-4AF6-8326-81AD12485B33}.Debug|x86.Build.0 = Debug|Win32
		{0371E81E-72ED-4AF6-8326-81AD12485B33}.Release|x64.ActiveCfg = Release|x64
		{0371E81E-72ED-4AF6-8326-81AD12485B33}.Release|x64.Build.0 = Release|x64
		{0371E81E-72ED-4AF6-8326-81AD12485B33}.Release|x86.ActiveCfg = Release|Win32
		{0371E81E-72ED-4AF6-8326-81AD12485B33}.Release|x86.Build.0 = Release|Win32
		{69E936B6-C380-4A62-AD90-75614F83FE50}.Debug|x64.ActiveCfg = Debug|x64
		{69E936B6-C380-4A62-AD90-75614F83FE50}.Debug|x64.Build.0 = Debug|x64
		{69E936B6-C380-4A62-AD90-75614F83FE50}.Debug|x86.ActiveCfg = Debug|Win32
		{69E936B6-C380-4A62-AD90-75614F83FE50}.Debug|x86.Build.0 = Debug|Win32
		{69E936B6-C380-4A62-AD90-75614F83FE50}.Release|x64.ActiveCfg = Release|x64
		{69E936B6-C380-4A62-AD90-75614F83FE50}.Release|x64.Build.0 = Release|x64
		{69E936B6-C380-4A62-AD90-75614F83FE50}.Release|x86.ActiveCfg = Release|Win32
		{69E936B6-C380-4A62-AD90-75614F83FE50}.Release|x86.Build.0 = Release|Win32
		{9710D0E6-CE03-447E-9DB7-00982363C58A}.Debug|x64.ActiveCfg = Debug|x64
		{9710D0E6-CE03-447E-9DB7-00982363C58A}.Debug|x64.Build.0 = Debug|x64
		{9710D0E6-CE03-447E-9DB7-00982363C58A}.Debug|x86.ActiveCfg = Debug|Win32
		{9710D0E6-CE03-447E-9DB7-00982363C58A}.Debug|x86.Build.0 = Debug|Win32
		{9710D0E6-CE03-447E-9DB7-00982363C58A}.Release|x64.ActiveCfg = Release|x64
		{9710D0E6-CE03-447E-9DB7-00982363C58A}.Release|x64.Build.0 = Release|x64
		{9710D0E6-CE03-447E-9DB7-00982363C58A}.Release|x86.ActiveCfg = Release|Win32
		{9710D0E6-CE03-447E-9DB7-00982363C58A}.Release|x86.Build.0 = Release|Win32
		{6EEEC1BB-0DFE-46F4-818C-89D7D0BFB0AF}.Debug|x64.ActiveCfg = Debug|x64
		{6EEEC1BB-0DFE-46F4-818C-89D7D0BFB0AF}.Debug|x64.Build.0 = Debug|x64
		{6EEEC1BB-0DFE-46F4-818C-89D7D0BFB0AF}.Debug|x86.ActiveCfg = Debug|Win32
		{6EEEC1BB-0DFE-46F4-818C-89D7D0BFB0AF}.Debug|x86.Build.0 = Debug|Win32
		{6EEEC1BB-0DFE-46F4-818C-89D7D0BFB0AF}.Release|x64.ActiveCfg = Release|x64
		{6EEEC1BB-0DFE-46F4-818C-89D7D0BFB0AF}.Release|x64.Build.0 = Release|x64
		{6EEEC1BB-0DFE-46F4-818C-89D7D0BFB0AF}.Release|x86.ActiveCfg = Release|Win32
		{6EEEC1BB-0DFE-46F4-818C-89D7D0BFB0AF}.Release|x86.Build.0 = Release|Win32
		{40019CFF-D32E-4BCF-9831-17F1F15690C5}.Debug|x64.ActiveCfg = Debug|x64
		{40019CFF-D32E-4BCF-9831-17F1F15690C5}.Debug|x64.Build.0 = Debug|x64
		{40019CFF-D32E-4BCF-9831-17F1F15690C5}.Debug|x86.ActiveCfg = Debug|Win32
		{40019CFF-D32E-4BCF-9831-17F1F15690C5}.Debug|x86.Build.0 = Debug|Win32
		{40019CFF-D32E-4BCF-9831-17F1F15690C5}.Release|x64.ActiveCfg = Release|x64
		{40019CFF-D32E-4BCF-9831-17F1F15690C5}.Release|x64.Build.0 = Release|x64
		{40019CFF-D32E-4BCF-9831-17F1F15690C5}.Release|x86.ActiveCfg = Release|Win32
		{40019CFF-D32E-4BCF-9831-17F1F15690C5}.Release|x86.Build.0 = Release|Win32
		{9DBCE6B3-8CBD-4A62-BFD1-315A8459C8B0}.Debug|x64.ActiveCfg = Debug|x64
		{9DBCE6B3-8CBD-4A62-BFD1-315A8459C8B0}.Debug|x64.Build.0 = Debug|x64
		{9DBCE6B3-8CBD-4A62-BFD1-315A8459C8B0}.Debug|x86.ActiveCfg = Debug|Win32
		{9DBCE6B3-8CBD-4A62-BFD1-315A8459C8B0}.Debug|x86.Build.0 = Debug|Win32
		{9DBCE6B3-8CBD-4A62-BFD1-315A8459C8B0}.Release|x64.ActiveCfg = Release|x64
		{9DBCE6B3-8CBD-4A62-BFD1-315A8459C8B0}.Release|x64.Build.0 = Release|x64
		{9DBCE6B3-8CBD-4A62-BFD1-315A8459C8B0}.Release|x86.ActiveCfg = Release|Win32
		{9DBCE6B3-8CBD-4A62-BFD1-315A8459C8B0}.Release|x86.Build.0 = Release|Win32
		{587C2B17-CB09-4CD4-B809-84A499B9B89F}.Debug|x64.ActiveCfg = Debug|x64
		{587C2B17-CB09-4CD4-B809-84A499B9B89F}.Debug|x64.Build.0 = Debug|x64
		{587C2B17-CB09-4CD4-B809-84A499B9B89F}.Debug|x86.ActiveCfg = Debug|Win32
		{587C2B17-CB09-4CD4-B809-84A499B9B89F}.Debug|x86.Build.0 = Debug|Win32
		{587C2B17-CB09-4CD4-B809-84A499B9B89F}.Release|x64.ActiveCfg = Release|x64
		{587C2B17-CB09-4CD4-B809-84A499B9B89F}.Release|x64.Build.0 = Release|x64
		{587C2B17-CB09-4CD4-B809-84A499B9B89F}.Release|x86.ActiveCfg = Release|Win32
		{587C2B17-CB09-4CD4-B809-84A499B9B89F}.Release|x86.Build.0 = Release|Win32
		{E7A03625-2532-4F5B-B2AA-01CF5C9B64C0}.Debug|x64.ActiveCfg = Debug|x64
		{E7A03625-2532-4F5B-B2AA-01CF5C9B64C0}.Debug|x64.Build.0 = Debug|x64
		{E7A03625-2532-4F5B-B2AA-01CF5C9B64C0}.Debug|x86.ActiveCfg = Debug|Win32
		{E7A03625-2532-4F5B-B2AA-01CF5C9B64C0}.Debug|x86.Build.0 = Debug|Win32
		{E7A03625-2532-4F5B-B2AA-01CF5C9B64C0}.Release|x64.ActiveCfg = Release|x64
		{E7A03625-2532-4F5B-B2AA-01CF5C9B64C0}.Release|x64.Build.0 = Release|x64
		{E7A03625-2532-4F5B-B2AA-01CF5C9B64C0}.Release|x86.ActiveCfg = Release|Win32
		{E7A03625-2532-4F5B-B2AA-01CF5C9B64C0}.Release|x86.Build.0 = Release|Win32
		{639C83DB-AD7F-4FEA-ACA7-06C89227019B}.Debug|x64.ActiveCfg = Debug|x64
		{639C83DB-AD7F-4FEA-ACA7-06C89227019B}.Debug|x64.Build.0 = Debug|x64
		{639C83DB-AD7F-4FEA-ACA7-06C89227019B}.Debug|x86.ActiveCfg = Debug|Win32
		{639C83DB-AD7F-4FEA-ACA7-06C89227019B}.Debug|x86.Build.0 = Debug|Win32
		{639C83DB-AD7F-4FEA-ACA7-06C89227019B}.Release|x64.ActiveCfg = Release|x64
		{639C83DB-AD7F-4FEA-ACA7-06C89227019B}.Release|x64.Build.0 = Release|x64
		{639C83DB-AD7F-4FEA-ACA7-06C89227019B}.Release|x86.ActiveCfg = Release|Win32
		{639C83DB-AD7F-4FEA-ACA7-06C89227019B}.Release|x86.Build.0 = Release|Win32
		{3D8802C1-4B39-4048-8341-871DE451A00B}.Debug|x64.ActiveCfg = Debug|x64
		{3D8802C1-4B39-4048-8341-871DE451A00B}.Debug|x64.Build.0 = Debug|x64
		{3D8802C1-4B39-4048-8341-871DE451A00B}.Debug|x86.ActiveCfg = Debug|Win32
		{3D8802C1-4B39-4048-8341-871DE451A00B}.Debug|x86.Build.0 = Debug|Win32
		{3D8802C1-4B39-4048-8341-871DE451A00B}.Release|x64.ActiveCfg = Release|x64
		{3D8802C1-4B39-4048-8341-871DE451A00B}.Release|x64.Build.0 = Release|x64
		{3D8802C1-4B39-4048-8341-871DE451A00B}.Release|x86.ActiveCfg = Release|Win32
		{3D8802C1-4B39-4048-8341-871DE451A00B}.Release|x86.Build.0 = Release|Win32
		{B0D5A230-6C44-4216-90A3-78217A1CB6D3}.Debug|x64.ActiveCfg = Debug|x64
		{B0D5A230-6C44-4216-90A3-78217A1CB6D3}.Debug|x64.Build.0 = Debug|x64
		{B0D5A230-6C44-4216-90A3-78217A1CB6D3}.Debug|x86.ActiveCfg = Debug|Win32
		{B0D5A230-6C44-4216-90A3-78217A1CB6D3}.Debug|x86.Build.0 = Debug|Win32
		{B0D5A230-6C44-4216-90A3-78217A1CB6D3}.Release|x64.ActiveCfg = Release|x64
		{B0D5A230-6C44-4216-90A3-78217A1CB6D3}.Release|x64.Build.0 = Release|x64
		{B0D5A230-6C44-4216-90A3-78217A1CB6D3}.Release|x86.ActiveCfg = Release|Win32
		{B0D5A230-6C44-4216-90A3-78217A1CB6D3}.Release|x86.Build.0 = Release|Win32
	EndGlobalSection
	GlobalSection(SolutionProperties) = preSolution
		HideSolutionNode = FALSE
	EndGlobalSection
EndGlobal
